
Microsoft Visual Studio Solution File, Format Version 12.00
# Visual Studio Version 17
VisualStudioVersion = 17.0.31903.59
MinimumVisualStudioVersion = 10.0.40219.1
Project("{2150E333-8FDC-42A3-9474-1A3956D46DE8}") = "apps", "apps", "{1787FE1D-075E-9E68-7218-25F1BD1BBEAB}"
EndProject
Project("{2150E333-8FDC-42A3-9474-1A3956D46DE8}") = "api", "api", "{BC2D172B-13BC-136C-CDB1-4B1A687208C4}"
EndProject
Project("{2150E333-8FDC-42A3-9474-1A3956D46DE8}") = "src", "src", "{5297E159-35AB-900F-0FBF-1931F1997C37}"
EndProject
Project("{2150E333-8FDC-42A3-9474-1A3956D46DE8}") = "Domain", "Domain", "{565ABA7F-F3F4-6461-B064-48AA44E6E5D8}"
EndProject
Project("{FAE04EC0-301F-11D3-BF4B-00C04F79EFBC}") = "EnterpriseFramework.Domain", "apps\api\src\Domain\EnterpriseFramework.Domain.csproj", "{8C8B952A-FEBA-4E6E-AF8F-040B7C6A4814}"
EndProject
Project("{2150E333-8FDC-42A3-9474-1A3956D46DE8}") = "Application", "Application", "{6B3948AF-5290-C1F7-8855-EB5C03E54B56}"
EndProject
Project("{FAE04EC0-301F-11D3-BF4B-00C04F79EFBC}") = "EnterpriseFramework.Application", "apps\api\src\Application\EnterpriseFramework.Application.csproj", "{C497E565-4E18-4114-AB83-94943232953F}"
EndProject
Project("{2150E333-8FDC-42A3-9474-1A3956D46DE8}") = "Infrastructure", "Infrastructure", "{605FF407-FE64-CA90-16ED-E2744C7D724C}"
EndProject
Project("{FAE04EC0-301F-11D3-BF4B-00C04F79EFBC}") = "EnterpriseFramework.Infrastructure", "apps\api\src\Infrastructure\EnterpriseFramework.Infrastructure.csproj", "{5C727C6A-8013-43CE-8A63-E579FA5C4496}"
EndProject
Project("{2150E333-8FDC-42A3-9474-1A3956D46DE8}") = "Modules.Abstractions", "Modules.Abstractions", "{8D49722D-52F2-A811-B969-AE8FF8AC220D}"
EndProject
Project("{FAE04EC0-301F-11D3-BF4B-00C04F79EFBC}") = "EnterpriseFramework.Modules.Abstractions", "apps\api\src\Modules.Abstractions\EnterpriseFramework.Modules.Abstractions.csproj", "{7BDE0BA4-7634-4EF7-B52E-46B654060AEB}"
EndProject
Project("{2150E333-8FDC-42A3-9474-1A3956D46DE8}") = "Api", "Api", "{730ACC67-22B6-92B8-A19B-F052BF6863FF}"
EndProject
Project("{FAE04EC0-301F-11D3-BF4B-00C04F79EFBC}") = "EnterpriseFramework.Api", "apps\api\src\Api\EnterpriseFramework.Api.csproj", "{09757F90-A8CC-4149-988A-5AE80E9875FE}"
EndProject
Project("{2150E333-8FDC-42A3-9474-1A3956D46DE8}") = "modules", "modules", "{CA253913-39DE-BFD0-C9A3-4B7EC6FBDF17}"
EndProject
Project("{2150E333-8FDC-42A3-9474-1A3956D46DE8}") = "demo", "demo", "{B3DE32C0-5EF4-AAA5-8E34-B10CEC5C6F2A}"
EndProject
Project("{2150E333-8FDC-42A3-9474-1A3956D46DE8}") = "backend", "backend", "{63715687-2DD3-6335-9AFF-A19787386329}"
EndProject
Project("{FAE04EC0-301F-11D3-BF4B-00C04F79EFBC}") = "EnterpriseFramework.Modules.Demo", "modules\demo\backend\EnterpriseFramework.Modules.Demo.csproj", "{E48FBD21-ACDC-4477-91ED-ADABCFDF893F}"
EndProject
Project("{2150E333-8FDC-42A3-9474-1A3956D46DE8}") = "tests", "tests", "{858C69E3-D23F-514B-EBEF-81CDB591EF58}"
EndProject
Project("{2150E333-8FDC-42A3-9474-1A3956D46DE8}") = "UnitTests", "UnitTests", "{84DC3A94-EBE4-66DA-430A-7F25C2DCFE03}"
EndProject
Project("{FAE04EC0-301F-11D3-BF4B-00C04F79EFBC}") = "EnterpriseFramework.UnitTests", "apps\api\tests\UnitTests\EnterpriseFramework.UnitTests.csproj", "{95D24BA6-E45E-4F67-B4DC-2D2C697908D1}"
EndProject
Project("{2150E333-8FDC-42A3-9474-1A3956D46DE8}") = "IntegrationTests", "IntegrationTests", "{2E4B79E5-4CE4-B37D-B132-E8FEB03FCDCE}"
EndProject
Project("{FAE04EC0-301F-11D3-BF4B-00C04F79EFBC}") = "EnterpriseFramework.IntegrationTests", "apps\api\tests\IntegrationTests\EnterpriseFramework.IntegrationTests.csproj", "{0685A74A-AECD-4F21-9C4A-F404AD33FBA6}"
EndProject
Global
	GlobalSection(SolutionConfigurationPlatforms) = preSolution
		Debug|Any CPU = Debug|Any CPU
		Debug|x64 = Debug|x64
		Debug|x86 = Debug|x86
		Release|Any CPU = Release|Any CPU
		Release|x64 = Release|x64
		Release|x86 = Release|x86
	EndGlobalSection
	GlobalSection(ProjectConfigurationPlatforms) = postSolution
		{8C8B952A-FEBA-4E6E-AF8F-040B7C6A4814}.Debug|Any CPU.ActiveCfg = Debug|Any CPU
		{8C8B952A-FEBA-4E6E-AF8F-040B7C6A4814}.Debug|Any CPU.Build.0 = Debug|Any CPU
		{8C8B952A-FEBA-4E6E-AF8F-040B7C6A4814}.Debug|x64.ActiveCfg = Debug|Any CPU
		{8C8B952A-FEBA-4E6E-AF8F-040B7C6A4814}.Debug|x64.Build.0 = Debug|Any CPU
		{8C8B952A-FEBA-4E6E-AF8F-040B7C6A4814}.Debug|x86.ActiveCfg = Debug|Any CPU
		{8C8B952A-FEBA-4E6E-AF8F-040B7C6A4814}.Debug|x86.Build.0 = Debug|Any CPU
		{8C8B952A-FEBA-4E6E-AF8F-040B7C6A4814}.Release|Any CPU.ActiveCfg = Release|Any CPU
		{8C8B952A-FEBA-4E6E-AF8F-040B7C6A4814}.Release|Any CPU.Build.0 = Release|Any CPU
		{8C8B952A-FEBA-4E6E-AF8F-040B7C6A4814}.Release|x64.ActiveCfg = Release|Any CPU
		{8C8B952A-FEBA-4E6E-AF8F-040B7C6A4814}.Release|x64.Build.0 = Release|Any CPU
		{8C8B952A-FEBA-4E6E-AF8F-040B7C6A4814}.Release|x86.ActiveCfg = Release|Any CPU
		{8C8B952A-FEBA-4E6E-AF8F-040B7C6A4814}.Release|x86.Build.0 = Release|Any CPU
		{C497E565-4E18-4114-AB83-94943232953F}.Debug|Any CPU.ActiveCfg = Debug|Any CPU
		{C497E565-4E18-4114-AB83-94943232953F}.Debug|Any CPU.Build.0 = Debug|Any CPU
		{C497E565-4E18-4114-AB83-94943232953F}.Debug|x64.ActiveCfg = Debug|Any CPU
		{C497E565-4E18-4114-AB83-94943232953F}.Debug|x64.Build.0 = Debug|Any CPU
		{C497E565-4E18-4114-AB83-94943232953F}.Debug|x86.ActiveCfg = Debug|Any CPU
		{C497E565-4E18-4114-AB83-94943232953F}.Debug|x86.Build.0 = Debug|Any CPU
		{C497E565-4E18-4114-AB83-94943232953F}.Release|Any CPU.ActiveCfg = Release|Any CPU
		{C497E565-4E18-4114-AB83-94943232953F}.Release|Any CPU.Build.0 = Release|Any CPU
		{C497E565-4E18-4114-AB83-94943232953F}.Release|x64.ActiveCfg = Release|Any CPU
		{C497E565-4E18-4114-AB83-94943232953F}.Release|x64.Build.0 = Release|Any CPU
		{C497E565-4E18-4114-AB83-94943232953F}.Release|x86.ActiveCfg = Release|Any CPU
		{C497E565-4E18-4114-AB83-94943232953F}.Release|x86.Build.0 = Release|Any CPU
		{5C727C6A-8013-43CE-8A63-E579FA5C4496}.Debug|Any CPU.ActiveCfg = Debug|Any CPU
		{5C727C6A-8013-43CE-8A63-E579FA5C4496}.Debug|Any CPU.Build.0 = Debug|Any CPU
		{5C727C6A-8013-43CE-8A63-E579FA5C4496}.Debug|x64.ActiveCfg = Debug|Any CPU
		{5C727C6A-8013-43CE-8A63-E579FA5C4496}.Debug|x64.Build.0 = Debug|Any CPU
		{5C727C6A-8013-43CE-8A63-E579FA5C4496}.Debug|x86.ActiveCfg = Debug|Any CPU
		{5C727C6A-8013-43CE-8A63-E579FA5C4496}.Debug|x86.Build.0 = Debug|Any CPU
		{5C727C6A-8013-43CE-8A63-E579FA5C4496}.Release|Any CPU.ActiveCfg = Release|Any CPU
		{5C727C6A-8013-43CE-8A63-E579FA5C4496}.Release|Any CPU.Build.0 = Release|Any CPU
		{5C727C6A-8013-43CE-8A63-E579FA5C4496}.Release|x64.ActiveCfg = Release|Any CPU
		{5C727C6A-8013-43CE-8A63-E579FA5C4496}.Release|x64.Build.0 = Release|Any CPU
		{5C727C6A-8013-43CE-8A63-E579FA5C4496}.Release|x86.ActiveCfg = Release|Any CPU
		{5C727C6A-8013-43CE-8A63-E579FA5C4496}.Release|x86.Build.0 = Release|Any CPU
		{7BDE0BA4-7634-4EF7-B52E-46B654060AEB}.Debug|Any CPU.ActiveCfg = Debug|Any CPU
		{7BDE0BA4-7634-4EF7-B52E-46B654060AEB}.Debug|Any CPU.Build.0 = Debug|Any CPU
		{7BDE0BA4-7634-4EF7-B52E-46B654060AEB}.Debug|x64.ActiveCfg = Debug|Any CPU
		{7BDE0BA4-7634-4EF7-B52E-46B654060AEB}.Debug|x64.Build.0 = Debug|Any CPU
		{7BDE0BA4-7634-4EF7-B52E-46B654060AEB}.Debug|x86.ActiveCfg = Debug|Any CPU
		{7BDE0BA4-7634-4EF7-B52E-46B654060AEB}.Debug|x86.Build.0 = Debug|Any CPU
		{7BDE0BA4-7634-4EF7-B52E-46B654060AEB}.Release|Any CPU.ActiveCfg = Release|Any CPU
		{7BDE0BA4-7634-4EF7-B52E-46B654060AEB}.Release|Any CPU.Build.0 = Release|Any CPU
		{7BDE0BA4-7634-4EF7-B52E-46B654060AEB}.Release|x64.ActiveCfg = Release|Any CPU
		{7BDE0BA4-7634-4EF7-B52E-46B654060AEB}.Release|x64.Build.0 = Release|Any CPU
		{7BDE0BA4-7634-4EF7-B52E-46B654060AEB}.Release|x86.ActiveCfg = Release|Any CPU
		{7BDE0BA4-7634-4EF7-B52E-46B654060AEB}.Release|x86.Build.0 = Release|Any CPU
		{09757F90-A8CC-4149-988A-5AE80E9875FE}.Debug|Any CPU.ActiveCfg = Debug|Any CPU
		{09757F90-A8CC-4149-988A-5AE80E9875FE}.Debug|Any CPU.Build.0 = Debug|Any CPU
		{09757F90-A8CC-4149-988A-5AE80E9875FE}.Debug|x64.ActiveCfg = Debug|Any CPU
		{09757F90-A8CC-4149-988A-5AE80E9875FE}.Debug|x64.Build.0 = Debug|Any CPU
		{09757F90-A8CC-4149-988A-5AE80E9875FE}.Debug|x86.ActiveCfg = Debug|Any CPU
		{09757F90-A8CC-4149-988A-5AE80E9875FE}.Debug|x86.Build.0 = Debug|Any CPU
		{09757F90-A8CC-4149-988A-5AE80E9875FE}.Release|Any CPU.ActiveCfg = Release|Any CPU
		{09757F90-A8CC-4149-988A-5AE80E9875FE}.Release|Any CPU.Build.0 = Release|Any CPU
		{09757F90-A8CC-4149-988A-5AE80E9875FE}.Release|x64.ActiveCfg = Release|Any CPU
		{09757F90-A8CC-4149-988A-5AE80E9875FE}.Release|x64.Build.0 = Release|Any CPU
		{09757F90-A8CC-4149-988A-5AE80E9875FE}.Release|x86.ActiveCfg = Release|Any CPU
		{09757F90-A8CC-4149-988A-5AE80E9875FE}.Release|x86.Build.0 = Release|Any CPU
		{E48FBD21-ACDC-4477-91ED-ADABCFDF893F}.Debug|Any CPU.ActiveCfg = Debug|Any CPU
		{E48FBD21-ACDC-4477-91ED-ADABCFDF893F}.Debug|Any CPU.Build.0 = Debug|Any CPU
		{E48FBD21-ACDC-4477-91ED-ADABCFDF893F}.Debug|x64.ActiveCfg = Debug|Any CPU
		{E48FBD21-ACDC-4477-91ED-ADABCFDF893F}.Debug|x64.Build.0 = Debug|Any CPU
		{E48FBD21-ACDC-4477-91ED-ADABCFDF893F}.Debug|x86.ActiveCfg = Debug|Any CPU
		{E48FBD21-ACDC-4477-91ED-ADABCFDF893F}.Debug|x86.Build.0 = Debug|Any CPU
		{E48FBD21-ACDC-4477-91ED-ADABCFDF893F}.Release|Any CPU.ActiveCfg = Release|Any CPU
		{E48FBD21-ACDC-4477-91ED-ADABCFDF893F}.Release|Any CPU.Build.0 = Release|Any CPU
		{E48FBD21-ACDC-4477-91ED-ADABCFDF893F}.Release|x64.ActiveCfg = Release|Any CPU
		{E48FBD21-ACDC-4477-91ED-ADABCFDF893F}.Release|x64.Build.0 = Release|Any CPU
		{E48FBD21-ACDC-4477-91ED-ADABCFDF893F}.Release|x86.ActiveCfg = Release|Any CPU
		{E48FBD21-ACDC-4477-91ED-ADABCFDF893F}.Release|x86.Build.0 = Release|Any CPU
		{95D24BA6-E45E-4F67-B4DC-2D2C697908D1}.Debug|Any CPU.ActiveCfg = Debug|Any CPU
		{95D24BA6-E45E-4F67-B4DC-2D2C697908D1}.Debug|Any CPU.Build.0 = Debug|Any CPU
		{95D24BA6-E45E-4F67-B4DC-2D2C697908D1}.Debug|x64.ActiveCfg = Debug|Any CPU
		{95D24BA6-E45E-4F67-B4DC-2D2C697908D1}.Debug|x64.Build.0 = Debug|Any CPU
		{95D24BA6-E45E-4F67-B4DC-2D2C697908D1}.Debug|x86.ActiveCfg = Debug|Any CPU
		{95D24BA6-E45E-4F67-B4DC-2D2C697908D1}.Debug|x86.Build.0 = Debug|Any CPU
		{95D24BA6-E45E-4F67-B4DC-2D2C697908D1}.Release|Any CPU.ActiveCfg = Release|Any CPU
		{95D24BA6-E45E-4F67-B4DC-2D2C697908D1}.Release|Any CPU.Build.0 = Release|Any CPU
		{95D24BA6-E45E-4F67-B4DC-2D2C697908D1}.Release|x64.ActiveCfg = Release|Any CPU
		{95D24BA6-E45E-4F67-B4DC-2D2C697908D1}.Release|x64.Build.0 = Release|Any CPU
		{95D24BA6-E45E-4F67-B4DC-2D2C697908D1}.Release|x86.ActiveCfg = Release|Any CPU
		{95D24BA6-E45E-4F67-B4DC-2D2C697908D1}.Release|x86.Build.0 = Release|Any CPU
		{0685A74A-AECD-4F21-9C4A-F404AD33FBA6}.Debug|Any CPU.ActiveCfg = Debug|Any CPU
		{0685A74A-AECD-4F21-9C4A-F404AD33FBA6}.Debug|Any CPU.Build.0 = Debug|Any CPU
		{0685A74A-AECD-4F21-9C4A-F404AD33FBA6}.Debug|x64.ActiveCfg = Debug|Any CPU
		{0685A74A-AECD-4F21-9C4A-F404AD33FBA6}.Debug|x64.Build.0 = Debug|Any CPU
		{0685A74A-AECD-4F21-9C4A-F404AD33FBA6}.Debug|x86.ActiveCfg = Debug|Any CPU
		{0685A74A-AECD-4F21-9C4A-F404AD33FBA6}.Debug|x86.Build.0 = Debug|Any CPU
		{0685A74A-AECD-4F21-9C4A-F404AD33FBA6}.Release|Any CPU.ActiveCfg = Release|Any CPU
		{0685A74A-AECD-4F21-9C4A-F404AD33FBA6}.Release|Any CPU.Build.0 = Release|Any CPU
		{0685A74A-AECD-4F21-9C4A-F404AD33FBA6}.Release|x64.ActiveCfg = Release|Any CPU
		{0685A74A-AECD-4F21-9C4A-F404AD33FBA6}.Release|x64.Build.0 = Release|Any CPU
		{0685A74A-AECD-4F21-9C4A-F404AD33FBA6}.Release|x86.ActiveCfg = Release|Any CPU
		{0685A74A-AECD-4F21-9C4A-F404AD33FBA6}.Release|x86.Build.0 = Release|Any CPU
	EndGlobalSection
	GlobalSection(SolutionProperties) = preSolution
		HideSolutionNode = FALSE
	EndGlobalSection
	GlobalSection(NestedProjects) = preSolution
		{BC2D172B-13BC-136C-CDB1-4B1A687208C4} = {1787FE1D-075E-9E68-7218-25F1BD1BBEAB}
		{5297E159-35AB-900F-0FBF-1931F1997C37} = {BC2D172B-13BC-136C-CDB1-4B1A687208C4}
		{565ABA7F-F3F4-6461-B064-48AA44E6E5D8} = {5297E159-35AB-900F-0FBF-1931F1997C37}
		{8C8B952A-FEBA-4E6E-AF8F-040B7C6A4814} = {565ABA7F-F3F4-6461-B064-48AA44E6E5D8}
		{6B3948AF-5290-C1F7-8855-EB5C03E54B56} = {5297E159-35AB-900F-0FBF-1931F1997C37}
		{C497E565-4E18-4114-AB83-94943232953F} = {6B3948AF-5290-C1F7-8855-EB5C03E54B56}
		{605FF407-FE64-CA90-16ED-E2744C7D724C} = {5297E159-35AB-900F-0FBF-1931F1997C37}
		{5C727C6A-8013-43CE-8A63-E579FA5C4496} = {605FF407-FE64-CA90-16ED-E2744C7D724C}
		{8D49722D-52F2-A811-B969-AE8FF8AC220D} = {5297E159-35AB-900F-0FBF-1931F1997C37}
		{7BDE0BA4-7634-4EF7-B52E-46B654060AEB} = {8D49722D-52F2-A811-B969-AE8FF8AC220D}
		{730ACC67-22B6-92B8-A19B-F052BF6863FF} = {5297E159-35AB-900F-0FBF-1931F1997C37}
		{09757F90-A8CC-4149-988A-5AE80E9875FE} = {730ACC67-22B6-92B8-A19B-F052BF6863FF}
		{B3DE32C0-5EF4-AAA5-8E34-B10CEC5C6F2A} = {CA253913-39DE-BFD0-C9A3-4B7EC6FBDF17}
		{63715687-2DD3-6335-9AFF-A19787386329} = {B3DE32C0-5EF4-AAA5-8E34-B10CEC5C6F2A}
		{E48FBD21-ACDC-4477-91ED-ADABCFDF893F} = {63715687-2DD3-6335-9AFF-A19787386329}
		{858C69E3-D23F-514B-EBEF-81CDB591EF58} = {BC2D172B-13BC-136C-CDB1-4B1A687208C4}
		{84DC3A94-EBE4-66DA-430A-7F25C2DCFE03} = {858C69E3-D23F-514B-EBEF-81CDB591EF58}
		{95D24BA6-E45E-4F67-B4DC-2D2C697908D1} = {84DC3A94-EBE4-66DA-430A-7F25C2DCFE03}
		{2E4B79E5-4CE4-B37D-B132-E8FEB03FCDCE} = {858C69E3-D23F-514B-EBEF-81CDB591EF58}
		{0685A74A-AECD-4F21-9C4A-F404AD33FBA6} = {2E4B79E5-4CE4-B37D-B132-E8FEB03FCDCE}
	EndGlobalSection
EndGlobal
