
Microsoft Visual Studio Solution File, Format Version 12.00
# Visual Studio Version 17
VisualStudioVersion = 17.0.31903.59
MinimumVisualStudioVersion = 10.0.40219.1
Project("{2150E333-8FDC-42A3-9474-1A3956D46DE8}") = "apps", "apps", "{1787FE1D-075E-9E68-7218-25F1BD1BBEAB}"
EndProject
Project("{2150E333-8FDC-42A3-9474-1A3956D46DE8}") = "api", "api", "{BC2D172B-13BC-136C-CDB1-4B1A687208C4}"
EndProject
Project("{2150E333-8FDC-42A3-9474-1A3956D46DE8}") = "src", "src", "{5297E159-35AB-900F-0FBF-1931F1997C37}"
EndProject
Project("{2150E333-8FDC-42A3-9474-1A3956D46DE8}") = "Domain", "Domain", "{565ABA7F-F3F4-6461-B064-48AA44E6E5D8}"
EndProject
Project("{FAE04EC0-301F-11D3-BF4B-00C04F79EFBC}") = "EnterpriseFramework.Domain", "apps\api\src\Domain\EnterpriseFramework.Domain.csproj", "{8C8B952A-FEBA-4E6E-AF8F-040B7C6A4814}"
EndProject
Project("{2150E333-8FDC-42A3-9474-1A3956D46DE8}") = "Application", "Application", "{6B3948AF-5290-C1F7-8855-EB5C03E54B56}"
EndProject
Project("{FAE04EC0-301F-11D3-BF4B-00C04F79EFBC}") = "EnterpriseFramework.Application", "apps\api\src\Application\EnterpriseFramework.Application.csproj", "{C497E565-4E18-4114-AB83-94943232953F}"
EndProject
Project("{2150E333-8FDC-42A3-9474-1A3956D46DE8}") = "Infrastructure", "Infrastructure", "{605FF407-FE64-CA90-16ED-E2744C7D724C}"
EndProject
Project("{FAE04EC0-301F-11D3-BF4B-00C04F79EFBC}") = "EnterpriseFramework.Infrastructure", "apps\api\src\Infrastructure\EnterpriseFramework.Infrastructure.csproj", "{5C727C6A-8013-43CE-8A63-E579FA5C4496}"
EndProject
Project("{2150E333-8FDC-42A3-9474-1A3956D46DE8}") = "Modules.Abstractions", "Modules.Abstractions", "{8D49722D-52F2-A811-B969-AE8FF8AC220D}"
EndProject
Project("{FAE04EC0-301F-11D3-BF4B-00C04F79EFBC}") = "EnterpriseFramework.Modules.Abstractions", "apps\api\src\Modules.Abstractions\EnterpriseFramework.Modules.Abstractions.csproj", "{7BDE0BA4-7634-4EF7-B52E-46B654060AEB}"
EndProject
Project("{2150E333-8FDC-42A3-9474-1A3956D46DE8}") = "Api", "Api", "{730ACC67-22B6-92B8-A19B-F052BF6863FF}"
EndProject
Project("{FAE04EC0-301F-11D3-BF4B-00C04F79EFBC}") = "EnterpriseFramework.Api", "apps\api\src\Api\EnterpriseFramework.Api.csproj", "{09757F90-A8CC-4149-988A-5AE80E9875FE}"
EndProject
Project("{2150E333-8FDC-42A3-9474-1A3956D46DE8}") = "modules", "modules", "{CA253913-39DE-BFD0-C9A3-4B7EC6FBDF17}"
EndProject
Project("{2150E333-8FDC-42A3-9474-1A3956D46DE8}") = "demo", "demo", "{B3DE32C0-5EF4-AAA5-8E34-B10CEC5C6F2A}"
EndProject
Project("{2150E333-8FDC-42A3-9474-1A3956D46DE8}") = "backend", "backend", "{63715687-2DD3-6335-9AFF-A19787386329}"
EndProject
Project("{FAE04EC0-301F-11D3-BF4B-00C04F79EFBC}") = "EnterpriseFramework.Modules.Demo", "modules\demo\backend\EnterpriseFramework.Modules.Demo.csproj", "{E48FBD21-ACDC-4477-91ED-ADABCFDF893F}"
EndProject
Project("{2150E333-8FDC-42A3-9474-1A3956D46DE8}") = "tests", "tests", "{858C69E3-D23F-514B-EBEF-81CDB591EF58}"
EndProject
Project("{2150E333-8FDC-42A3-9474-1A3956D46DE8}") = "UnitTests", "UnitTests", "{84DC3A94-EBE4-66DA-430A-7F25C2DCFE03}"
EndProject
Project("{FAE04EC0-301F-11D3-BF4B-00C04F79EFBC}") = "EnterpriseFramework.UnitTests", "apps\api\tests\UnitTests\EnterpriseFramework.UnitTests.csproj", "{95D24BA6-E45E-4F67-B4DC-2D2C697908D1}"
EndProject
Project("{2150E333-8FDC-42A3-9474-1A3956D46DE8}") = "IntegrationTests", "IntegrationTests", "{2E4B79E5-4CE4-B37D-B132-E8FEB03FCDCE}"
EndProject
Project("{FAE04EC0-301F-11D3-BF4B-00C04F79EFBC}") = "EnterpriseFramework.IntegrationTests", "apps\api\tests\IntegrationTests\EnterpriseFramework.IntegrationTests.csproj", "{0685A74A-AECD-4F21-9C4A-F404AD33FBA6}"
EndProject
Project("{2150E333-8FDC-42A3-9474-1A3956D46DE8}") = "auth", "auth", "{CEAC0979-DAB2-0E19-81EF-22AE32770578}"
EndProject
Project("{2150E333-8FDC-42A3-9474-1A3956D46DE8}") = "backend", "backend", "{E0B813D6-B661-81BA-CFC8-0BC500B7188A}"
EndProject
Project("{FAE04EC0-301F-11D3-BF4B-00C04F79EFBC}") = "EnterpriseFramework.Modules.Auth", "modules\auth\backend\EnterpriseFramework.Modules.Auth.csproj", "{D2F22805-A47E-4EF9-B3F0-50B2179977E6}"
EndProject
Project("{2150E333-8FDC-42A3-9474-1A3956D46DE8}") = "shared", "shared", "{FFFCC667-D480-83E6-F5F5-149737B7E962}"
EndProject
Project("{FAE04EC0-301F-11D3-BF4B-00C04F79EFBC}") = "EnterpriseFramework.Modules.Auth.Contracts", "modules\auth\shared\EnterpriseFramework.Modules.Auth.Contracts.csproj", "{41630705-D016-41E7-95AC-6ECABD79493B}"
EndProject
Project("{2150E333-8FDC-42A3-9474-1A3956D46DE8}") = "authorization", "authorization", "{6ADF11AB-DF54-71D3-E1EB-28B5DE8801C0}"
EndProject
Project("{2150E333-8FDC-42A3-9474-1A3956D46DE8}") = "backend", "backend", "{DE61B727-88CD-62E1-A5D3-1E04E8980174}"
EndProject
Project("{FAE04EC0-301F-11D3-BF4B-00C04F79EFBC}") = "EnterpriseFramework.Modules.Authorization", "modules\authorization\backend\EnterpriseFramework.Modules.Authorization.csproj", "{D5C09095-103B-47AA-BAA5-D11E0C6365B2}"
EndProject
Project("{2150E333-8FDC-42A3-9474-1A3956D46DE8}") = "users", "users", "{6E738700-F19F-83EF-9B5F-3C8900D73B86}"
EndProject
Project("{2150E333-8FDC-42A3-9474-1A3956D46DE8}") = "backend", "backend", "{C871A2C4-719E-B015-8255-F96B22FACF6D}"
EndProject
Project("{FAE04EC0-301F-11D3-BF4B-00C04F79EFBC}") = "EnterpriseFramework.Modules.Users", "modules\users\backend\EnterpriseFramework.Modules.Users.csproj", "{7C679F1D-0CC7-4ADF-BC2C-CA4C86FD15C5}"
EndProject
Project("{2150E333-8FDC-42A3-9474-1A3956D46DE8}") = "audit", "audit", "{4530E714-70CB-5450-9BAD-13216F9E520A}"
EndProject
Project("{2150E333-8FDC-42A3-9474-1A3956D46DE8}") = "backend", "backend", "{79AC85CD-9E9F-7726-44C2-C957FFB57CE6}"
EndProject
Project("{FAE04EC0-301F-11D3-BF4B-00C04F79EFBC}") = "EnterpriseFramework.Modules.Audit", "modules\audit\backend\EnterpriseFramework.Modules.Audit.csproj", "{42AF7499-5840-467D-80AE-5033CD4A5355}"
EndProject
Project("{2150E333-8FDC-42A3-9474-1A3956D46DE8}") = "settings", "settings", "{BC5CFCA1-E3BB-C72A-6DEF-A680C890E6B6}"
EndProject
Project("{2150E333-8FDC-42A3-9474-1A3956D46DE8}") = "backend", "backend", "{F1C4A6CD-65DE-8DCE-6159-BD7AE0BB67CD}"
EndProject
Project("{FAE04EC0-301F-11D3-BF4B-00C04F79EFBC}") = "EnterpriseFramework.Modules.Settings", "modules\settings\backend\EnterpriseFramework.Modules.Settings.csproj", "{AD69E718-95D8-41EB-A9ED-893C61C6652E}"
EndProject
Project("{2150E333-8FDC-42A3-9474-1A3956D46DE8}") = "email", "email", "{C54764F2-D317-C05E-3708-3AAC04AAC75B}"
EndProject
Project("{2150E333-8FDC-42A3-9474-1A3956D46DE8}") = "backend", "backend", "{FA0E3413-58FB-FBF5-A181-290478E1DC27}"
EndProject
Project("{FAE04EC0-301F-11D3-BF4B-00C04F79EFBC}") = "EnterpriseFramework.Modules.Email", "modules\email\backend\EnterpriseFramework.Modules.Email.csproj", "{87BB6802-AE77-4DB7-8F7A-C63893976AF1}"
EndProject
Project("{2150E333-8FDC-42A3-9474-1A3956D46DE8}") = "storage", "storage", "{9D2ABF85-247E-F9CA-AE28-F7D77C8FB788}"
EndProject
Project("{2150E333-8FDC-42A3-9474-1A3956D46DE8}") = "backend", "backend", "{BA528704-FD77-EB19-8074-4F0910F4FF30}"
EndProject
Project("{FAE04EC0-301F-11D3-BF4B-00C04F79EFBC}") = "EnterpriseFramework.Modules.Storage", "modules\storage\backend\EnterpriseFramework.Modules.Storage.csproj", "{270C6240-1804-4197-A888-2FDBE40753C1}"
EndProject
Project("{2150E333-8FDC-42A3-9474-1A3956D46DE8}") = "notifications", "notifications", "{E4F07A3A-0D15-4D3A-4C13-E2BD6EBFF108}"
EndProject
Project("{2150E333-8FDC-42A3-9474-1A3956D46DE8}") = "shared", "shared", "{BEC7F4CA-9E22-8D68-C45D-1CE5C6BF89B6}"
EndProject
Project("{FAE04EC0-301F-11D3-BF4B-00C04F79EFBC}") = "EnterpriseFramework.Modules.Notifications.Contracts", "modules\notifications\shared\EnterpriseFramework.Modules.Notifications.Contracts.csproj", "{6175DE82-4C49-4BD8-B15E-F8F131EE6F5F}"
EndProject
Project("{2150E333-8FDC-42A3-9474-1A3956D46DE8}") = "backend", "backend", "{EFA7897B-F48F-971C-9295-AB618925647C}"
EndProject
Project("{FAE04EC0-301F-11D3-BF4B-00C04F79EFBC}") = "EnterpriseFramework.Modules.Notifications", "modules\notifications\backend\EnterpriseFramework.Modules.Notifications.csproj", "{4C3C1CC8-83BE-4280-AE1A-96506E1307CA}"
EndProject
Project("{2150E333-8FDC-42A3-9474-1A3956D46DE8}") = "localization", "localization", "{0C6A289E-2588-6FCC-F1B3-177D91E633A1}"
EndProject
Project("{2150E333-8FDC-42A3-9474-1A3956D46DE8}") = "backend", "backend", "{EB848961-3130-70FD-840E-75C6768D0507}"
EndProject
Project("{FAE04EC0-301F-11D3-BF4B-00C04F79EFBC}") = "EnterpriseFramework.Modules.Localization", "modules\localization\backend\EnterpriseFramework.Modules.Localization.csproj", "{1A4E681F-658F-4CFF-B054-B25A494F6C44}"
EndProject
Project("{2150E333-8FDC-42A3-9474-1A3956D46DE8}") = "realtime", "realtime", "{F7BC6408-CA87-0DAE-EDEA-B2690D292BC5}"
EndProject
Project("{2150E333-8FDC-42A3-9474-1A3956D46DE8}") = "backend", "backend", "{0EB1BB48-B01C-D763-2CAE-118CDF20A534}"
EndProject
Project("{FAE04EC0-301F-11D3-BF4B-00C04F79EFBC}") = "EnterpriseFramework.Modules.Realtime", "modules\realtime\backend\EnterpriseFramework.Modules.Realtime.csproj", "{78A1C3B6-9354-43D6-A9CC-41A44F23FE58}"
EndProject
Project("{2150E333-8FDC-42A3-9474-1A3956D46DE8}") = "dashboard", "dashboard", "{4502CDD3-94B8-4CD1-54ED-E27DF0C66E6B}"
EndProject
Project("{2150E333-8FDC-42A3-9474-1A3956D46DE8}") = "backend", "backend", "{078D17CF-6AD6-EC62-8656-A71AEE006313}"
EndProject
Project("{FAE04EC0-301F-11D3-BF4B-00C04F79EFBC}") = "EnterpriseFramework.Modules.Dashboard", "modules\dashboard\backend\EnterpriseFramework.Modules.Dashboard.csproj", "{08F1F2D9-400D-4D52-92AA-045B9A068FB9}"
EndProject
Project("{2150E333-8FDC-42A3-9474-1A3956D46DE8}") = "site", "site", "{21B4280E-A41A-7373-6EC7-6A44B46B6A41}"
EndProject
Project("{2150E333-8FDC-42A3-9474-1A3956D46DE8}") = "shared", "shared", "{40264636-326C-129F-B272-5F364DC6238C}"
EndProject
Project("{FAE04EC0-301F-11D3-BF4B-00C04F79EFBC}") = "EnterpriseFramework.Modules.Site.Contracts", "modules\site\shared\EnterpriseFramework.Modules.Site.Contracts.csproj", "{994DDFE4-299B-4D90-B2BD-9B3263202B8E}"
EndProject
Project("{2150E333-8FDC-42A3-9474-1A3956D46DE8}") = "backend", "backend", "{36398BA8-9C86-63DB-C24B-3C6A96999504}"
EndProject
Project("{FAE04EC0-301F-11D3-BF4B-00C04F79EFBC}") = "EnterpriseFramework.Modules.Site", "modules\site\backend\EnterpriseFramework.Modules.Site.csproj", "{BF298480-53F3-4089-A7B2-0574CF9AAD6E}"
EndProject
Project("{2150E333-8FDC-42A3-9474-1A3956D46DE8}") = "services", "services", "{529E9C77-7AFC-7503-6FCF-D7EE42FD5C8B}"
EndProject
Project("{FAE04EC0-301F-11D3-BF4B-00C04F79EFBC}") = "EnterpriseFramework.Modules.Services", "modules\services\backend\EnterpriseFramework.Modules.Services.csproj", "{15A7C283-0F23-4D04-AF9D-01E099D273E2}"
EndProject
Project("{FAE04EC0-301F-11D3-BF4B-00C04F79EFBC}") = "EnterpriseFramework.Modules.Services.Contracts", "modules\services\shared\EnterpriseFramework.Modules.Services.Contracts.csproj", "{F780A333-5102-4B36-861F-427F8E275F90}"
EndProject
Project("{2150E333-8FDC-42A3-9474-1A3956D46DE8}") = "appointments", "appointments", "{D882A6C3-3067-F0DA-7E7A-E12186DF3033}"
EndProject
Project("{FAE04EC0-301F-11D3-BF4B-00C04F79EFBC}") = "EnterpriseFramework.Modules.Appointments", "modules\appointments\backend\EnterpriseFramework.Modules.Appointments.csproj", "{D2BE635F-B726-4AC7-8143-B9D1802A1236}"
EndProject
Project("{FAE04EC0-301F-11D3-BF4B-00C04F79EFBC}") = "EnterpriseFramework.Modules.Appointments.Contracts", "modules\appointments\shared\EnterpriseFramework.Modules.Appointments.Contracts.csproj", "{437D3EF2-FEE1-44A7-BDBA-30706B47DABC}"
EndProject
Global
	GlobalSection(SolutionConfigurationPlatforms) = preSolution
		Debug|Any CPU = Debug|Any CPU
		Debug|x64 = Debug|x64
		Debug|x86 = Debug|x86
		Release|Any CPU = Release|Any CPU
		Release|x64 = Release|x64
		Release|x86 = Release|x86
	EndGlobalSection
	GlobalSection(ProjectConfigurationPlatforms) = postSolution
		{8C8B952A-FEBA-4E6E-AF8F-040B7C6A4814}.Debug|Any CPU.ActiveCfg = Debug|Any CPU
		{8C8B952A-FEBA-4E6E-AF8F-040B7C6A4814}.Debug|Any CPU.Build.0 = Debug|Any CPU
		{8C8B952A-FEBA-4E6E-AF8F-040B7C6A4814}.Debug|x64.ActiveCfg = Debug|Any CPU
		{8C8B952A-FEBA-4E6E-AF8F-040B7C6A4814}.Debug|x64.Build.0 = Debug|Any CPU
		{8C8B952A-FEBA-4E6E-AF8F-040B7C6A4814}.Debug|x86.ActiveCfg = Debug|Any CPU
		{8C8B952A-FEBA-4E6E-AF8F-040B7C6A4814}.Debug|x86.Build.0 = Debug|Any CPU
		{8C8B952A-FEBA-4E6E-AF8F-040B7C6A4814}.Release|Any CPU.ActiveCfg = Release|Any CPU
		{8C8B952A-FEBA-4E6E-AF8F-040B7C6A4814}.Release|Any CPU.Build.0 = Release|Any CPU
		{8C8B952A-FEBA-4E6E-AF8F-040B7C6A4814}.Release|x64.ActiveCfg = Release|Any CPU
		{8C8B952A-FEBA-4E6E-AF8F-040B7C6A4814}.Release|x64.Build.0 = Release|Any CPU
		{8C8B952A-FEBA-4E6E-AF8F-040B7C6A4814}.Release|x86.ActiveCfg = Release|Any CPU
		{8C8B952A-FEBA-4E6E-AF8F-040B7C6A4814}.Release|x86.Build.0 = Release|Any CPU
		{C497E565-4E18-4114-AB83-94943232953F}.Debug|Any CPU.ActiveCfg = Debug|Any CPU
		{C497E565-4E18-4114-AB83-94943232953F}.Debug|Any CPU.Build.0 = Debug|Any CPU
		{C497E565-4E18-4114-AB83-94943232953F}.Debug|x64.ActiveCfg = Debug|Any CPU
		{C497E565-4E18-4114-AB83-94943232953F}.Debug|x64.Build.0 = Debug|Any CPU
		{C497E565-4E18-4114-AB83-94943232953F}.Debug|x86.ActiveCfg = Debug|Any CPU
		{C497E565-4E18-4114-AB83-94943232953F}.Debug|x86.Build.0 = Debug|Any CPU
		{C497E565-4E18-4114-AB83-94943232953F}.Release|Any CPU.ActiveCfg = Release|Any CPU
		{C497E565-4E18-4114-AB83-94943232953F}.Release|Any CPU.Build.0 = Release|Any CPU
		{C497E565-4E18-4114-AB83-94943232953F}.Release|x64.ActiveCfg = Release|Any CPU
		{C497E565-4E18-4114-AB83-94943232953F}.Release|x64.Build.0 = Release|Any CPU
		{C497E565-4E18-4114-AB83-94943232953F}.Release|x86.ActiveCfg = Release|Any CPU
		{C497E565-4E18-4114-AB83-94943232953F}.Release|x86.Build.0 = Release|Any CPU
		{5C727C6A-8013-43CE-8A63-E579FA5C4496}.Debug|Any CPU.ActiveCfg = Debug|Any CPU
		{5C727C6A-8013-43CE-8A63-E579FA5C4496}.Debug|Any CPU.Build.0 = Debug|Any CPU
		{5C727C6A-8013-43CE-8A63-E579FA5C4496}.Debug|x64.ActiveCfg = Debug|Any CPU
		{5C727C6A-8013-43CE-8A63-E579FA5C4496}.Debug|x64.Build.0 = Debug|Any CPU
		{5C727C6A-8013-43CE-8A63-E579FA5C4496}.Debug|x86.ActiveCfg = Debug|Any CPU
		{5C727C6A-8013-43CE-8A63-E579FA5C4496}.Debug|x86.Build.0 = Debug|Any CPU
		{5C727C6A-8013-43CE-8A63-E579FA5C4496}.Release|Any CPU.ActiveCfg = Release|Any CPU
		{5C727C6A-8013-43CE-8A63-E579FA5C4496}.Release|Any CPU.Build.0 = Release|Any CPU
		{5C727C6A-8013-43CE-8A63-E579FA5C4496}.Release|x64.ActiveCfg = Release|Any CPU
		{5C727C6A-8013-43CE-8A63-E579FA5C4496}.Release|x64.Build.0 = Release|Any CPU
		{5C727C6A-8013-43CE-8A63-E579FA5C4496}.Release|x86.ActiveCfg = Release|Any CPU
		{5C727C6A-8013-43CE-8A63-E579FA5C4496}.Release|x86.Build.0 = Release|Any CPU
		{7BDE0BA4-7634-4EF7-B52E-46B654060AEB}.Debug|Any CPU.ActiveCfg = Debug|Any CPU
		{7BDE0BA4-7634-4EF7-B52E-46B654060AEB}.Debug|Any CPU.Build.0 = Debug|Any CPU
		{7BDE0BA4-7634-4EF7-B52E-46B654060AEB}.Debug|x64.ActiveCfg = Debug|Any CPU
		{7BDE0BA4-7634-4EF7-B52E-46B654060AEB}.Debug|x64.Build.0 = Debug|Any CPU
		{7BDE0BA4-7634-4EF7-B52E-46B654060AEB}.Debug|x86.ActiveCfg = Debug|Any CPU
		{7BDE0BA4-7634-4EF7-B52E-46B654060AEB}.Debug|x86.Build.0 = Debug|Any CPU
		{7BDE0BA4-7634-4EF7-B52E-46B654060AEB}.Release|Any CPU.ActiveCfg = Release|Any CPU
		{7BDE0BA4-7634-4EF7-B52E-46B654060AEB}.Release|Any CPU.Build.0 = Release|Any CPU
		{7BDE0BA4-7634-4EF7-B52E-46B654060AEB}.Release|x64.ActiveCfg = Release|Any CPU
		{7BDE0BA4-7634-4EF7-B52E-46B654060AEB}.Release|x64.Build.0 = Release|Any CPU
		{7BDE0BA4-7634-4EF7-B52E-46B654060AEB}.Release|x86.ActiveCfg = Release|Any CPU
		{7BDE0BA4-7634-4EF7-B52E-46B654060AEB}.Release|x86.Build.0 = Release|Any CPU
		{09757F90-A8CC-4149-988A-5AE80E9875FE}.Debug|Any CPU.ActiveCfg = Debug|Any CPU
		{09757F90-A8CC-4149-988A-5AE80E9875FE}.Debug|Any CPU.Build.0 = Debug|Any CPU
		{09757F90-A8CC-4149-988A-5AE80E9875FE}.Debug|x64.ActiveCfg = Debug|Any CPU
		{09757F90-A8CC-4149-988A-5AE80E9875FE}.Debug|x64.Build.0 = Debug|Any CPU
		{09757F90-A8CC-4149-988A-5AE80E9875FE}.Debug|x86.ActiveCfg = Debug|Any CPU
		{09757F90-A8CC-4149-988A-5AE80E9875FE}.Debug|x86.Build.0 = Debug|Any CPU
		{09757F90-A8CC-4149-988A-5AE80E9875FE}.Release|Any CPU.ActiveCfg = Release|Any CPU
		{09757F90-A8CC-4149-988A-5AE80E9875FE}.Release|Any CPU.Build.0 = Release|Any CPU
		{09757F90-A8CC-4149-988A-5AE80E9875FE}.Release|x64.ActiveCfg = Release|Any CPU
		{09757F90-A8CC-4149-988A-5AE80E9875FE}.Release|x64.Build.0 = Release|Any CPU
		{09757F90-A8CC-4149-988A-5AE80E9875FE}.Release|x86.ActiveCfg = Release|Any CPU
		{09757F90-A8CC-4149-988A-5AE80E9875FE}.Release|x86.Build.0 = Release|Any CPU
		{E48FBD21-ACDC-4477-91ED-ADABCFDF893F}.Debug|Any CPU.ActiveCfg = Debug|Any CPU
		{E48FBD21-ACDC-4477-91ED-ADABCFDF893F}.Debug|Any CPU.Build.0 = Debug|Any CPU
		{E48FBD21-ACDC-4477-91ED-ADABCFDF893F}.Debug|x64.ActiveCfg = Debug|Any CPU
		{E48FBD21-ACDC-4477-91ED-ADABCFDF893F}.Debug|x64.Build.0 = Debug|Any CPU
		{E48FBD21-ACDC-4477-91ED-ADABCFDF893F}.Debug|x86.ActiveCfg = Debug|Any CPU
		{E48FBD21-ACDC-4477-91ED-ADABCFDF893F}.Debug|x86.Build.0 = Debug|Any CPU
		{E48FBD21-ACDC-4477-91ED-ADABCFDF893F}.Release|Any CPU.ActiveCfg = Release|Any CPU
		{E48FBD21-ACDC-4477-91ED-ADABCFDF893F}.Release|Any CPU.Build.0 = Release|Any CPU
		{E48FBD21-ACDC-4477-91ED-ADABCFDF893F}.Release|x64.ActiveCfg = Release|Any CPU
		{E48FBD21-ACDC-4477-91ED-ADABCFDF893F}.Release|x64.Build.0 = Release|Any CPU
		{E48FBD21-ACDC-4477-91ED-ADABCFDF893F}.Release|x86.ActiveCfg = Release|Any CPU
		{E48FBD21-ACDC-4477-91ED-ADABCFDF893F}.Release|x86.Build.0 = Release|Any CPU
		{95D24BA6-E45E-4F67-B4DC-2D2C697908D1}.Debug|Any CPU.ActiveCfg = Debug|Any CPU
		{95D24BA6-E45E-4F67-B4DC-2D2C697908D1}.Debug|Any CPU.Build.0 = Debug|Any CPU
		{95D24BA6-E45E-4F67-B4DC-2D2C697908D1}.Debug|x64.ActiveCfg = Debug|Any CPU
		{95D24BA6-E45E-4F67-B4DC-2D2C697908D1}.Debug|x64.Build.0 = Debug|Any CPU
		{95D24BA6-E45E-4F67-B4DC-2D2C697908D1}.Debug|x86.ActiveCfg = Debug|Any CPU
		{95D24BA6-E45E-4F67-B4DC-2D2C697908D1}.Debug|x86.Build.0 = Debug|Any CPU
		{95D24BA6-E45E-4F67-B4DC-2D2C697908D1}.Release|Any CPU.ActiveCfg = Release|Any CPU
		{95D24BA6-E45E-4F67-B4DC-2D2C697908D1}.Release|Any CPU.Build.0 = Release|Any CPU
		{95D24BA6-E45E-4F67-B4DC-2D2C697908D1}.Release|x64.ActiveCfg = Release|Any CPU
		{95D24BA6-E45E-4F67-B4DC-2D2C697908D1}.Release|x64.Build.0 = Release|Any CPU
		{95D24BA6-E45E-4F67-B4DC-2D2C697908D1}.Release|x86.ActiveCfg = Release|Any CPU
		{95D24BA6-E45E-4F67-B4DC-2D2C697908D1}.Release|x86.Build.0 = Release|Any CPU
		{0685A74A-AECD-4F21-9C4A-F404AD33FBA6}.Debug|Any CPU.ActiveCfg = Debug|Any CPU
		{0685A74A-AECD-4F21-9C4A-F404AD33FBA6}.Debug|Any CPU.Build.0 = Debug|Any CPU
		{0685A74A-AECD-4F21-9C4A-F404AD33FBA6}.Debug|x64.ActiveCfg = Debug|Any CPU
		{0685A74A-AECD-4F21-9C4A-F404AD33FBA6}.Debug|x64.Build.0 = Debug|Any CPU
		{0685A74A-AECD-4F21-9C4A-F404AD33FBA6}.Debug|x86.ActiveCfg = Debug|Any CPU
		{0685A74A-AECD-4F21-9C4A-F404AD33FBA6}.Debug|x86.Build.0 = Debug|Any CPU
		{0685A74A-AECD-4F21-9C4A-F404AD33FBA6}.Release|Any CPU.ActiveCfg = Release|Any CPU
		{0685A74A-AECD-4F21-9C4A-F404AD33FBA6}.Release|Any CPU.Build.0 = Release|Any CPU
		{0685A74A-AECD-4F21-9C4A-F404AD33FBA6}.Release|x64.ActiveCfg = Release|Any CPU
		{0685A74A-AECD-4F21-9C4A-F404AD33FBA6}.Release|x64.Build.0 = Release|Any CPU
		{0685A74A-AECD-4F21-9C4A-F404AD33FBA6}.Release|x86.ActiveCfg = Release|Any CPU
		{0685A74A-AECD-4F21-9C4A-F404AD33FBA6}.Release|x86.Build.0 = Release|Any CPU
		{D2F22805-A47E-4EF9-B3F0-50B2179977E6}.Debug|Any CPU.ActiveCfg = Debug|Any CPU
		{D2F22805-A47E-4EF9-B3F0-50B2179977E6}.Debug|Any CPU.Build.0 = Debug|Any CPU
		{D2F22805-A47E-4EF9-B3F0-50B2179977E6}.Debug|x64.ActiveCfg = Debug|Any CPU
		{D2F22805-A47E-4EF9-B3F0-50B2179977E6}.Debug|x64.Build.0 = Debug|Any CPU
		{D2F22805-A47E-4EF9-B3F0-50B2179977E6}.Debug|x86.ActiveCfg = Debug|Any CPU
		{D2F22805-A47E-4EF9-B3F0-50B2179977E6}.Debug|x86.Build.0 = Debug|Any CPU
		{D2F22805-A47E-4EF9-B3F0-50B2179977E6}.Release|Any CPU.ActiveCfg = Release|Any CPU
		{D2F22805-A47E-4EF9-B3F0-50B2179977E6}.Release|Any CPU.Build.0 = Release|Any CPU
		{D2F22805-A47E-4EF9-B3F0-50B2179977E6}.Release|x64.ActiveCfg = Release|Any CPU
		{D2F22805-A47E-4EF9-B3F0-50B2179977E6}.Release|x64.Build.0 = Release|Any CPU
		{D2F22805-A47E-4EF9-B3F0-50B2179977E6}.Release|x86.ActiveCfg = Release|Any CPU
		{D2F22805-A47E-4EF9-B3F0-50B2179977E6}.Release|x86.Build.0 = Release|Any CPU
		{41630705-D016-41E7-95AC-6ECABD79493B}.Debug|Any CPU.ActiveCfg = Debug|Any CPU
		{41630705-D016-41E7-95AC-6ECABD79493B}.Debug|Any CPU.Build.0 = Debug|Any CPU
		{41630705-D016-41E7-95AC-6ECABD79493B}.Debug|x64.ActiveCfg = Debug|Any CPU
		{41630705-D016-41E7-95AC-6ECABD79493B}.Debug|x64.Build.0 = Debug|Any CPU
		{41630705-D016-41E7-95AC-6ECABD79493B}.Debug|x86.ActiveCfg = Debug|Any CPU
		{41630705-D016-41E7-95AC-6ECABD79493B}.Debug|x86.Build.0 = Debug|Any CPU
		{41630705-D016-41E7-95AC-6ECABD79493B}.Release|Any CPU.ActiveCfg = Release|Any CPU
		{41630705-D016-41E7-95AC-6ECABD79493B}.Release|Any CPU.Build.0 = Release|Any CPU
		{41630705-D016-41E7-95AC-6ECABD79493B}.Release|x64.ActiveCfg = Release|Any CPU
		{41630705-D016-41E7-95AC-6ECABD79493B}.Release|x64.Build.0 = Release|Any CPU
		{41630705-D016-41E7-95AC-6ECABD79493B}.Release|x86.ActiveCfg = Release|Any CPU
		{41630705-D016-41E7-95AC-6ECABD79493B}.Release|x86.Build.0 = Release|Any CPU
		{D5C09095-103B-47AA-BAA5-D11E0C6365B2}.Debug|Any CPU.ActiveCfg = Debug|Any CPU
		{D5C09095-103B-47AA-BAA5-D11E0C6365B2}.Debug|Any CPU.Build.0 = Debug|Any CPU
		{D5C09095-103B-47AA-BAA5-D11E0C6365B2}.Debug|x64.ActiveCfg = Debug|Any CPU
		{D5C09095-103B-47AA-BAA5-D11E0C6365B2}.Debug|x64.Build.0 = Debug|Any CPU
		{D5C09095-103B-47AA-BAA5-D11E0C6365B2}.Debug|x86.ActiveCfg = Debug|Any CPU
		{D5C09095-103B-47AA-BAA5-D11E0C6365B2}.Debug|x86.Build.0 = Debug|Any CPU
		{D5C09095-103B-47AA-BAA5-D11E0C6365B2}.Release|Any CPU.ActiveCfg = Release|Any CPU
		{D5C09095-103B-47AA-BAA5-D11E0C6365B2}.Release|Any CPU.Build.0 = Release|Any CPU
		{D5C09095-103B-47AA-BAA5-D11E0C6365B2}.Release|x64.ActiveCfg = Release|Any CPU
		{D5C09095-103B-47AA-BAA5-D11E0C6365B2}.Release|x64.Build.0 = Release|Any CPU
		{D5C09095-103B-47AA-BAA5-D11E0C6365B2}.Release|x86.ActiveCfg = Release|Any CPU
		{D5C09095-103B-47AA-BAA5-D11E0C6365B2}.Release|x86.Build.0 = Release|Any CPU
		{7C679F1D-0CC7-4ADF-BC2C-CA4C86FD15C5}.Debug|Any CPU.ActiveCfg = Debug|Any CPU
		{7C679F1D-0CC7-4ADF-BC2C-CA4C86FD15C5}.Debug|Any CPU.Build.0 = Debug|Any CPU
		{7C679F1D-0CC7-4ADF-BC2C-CA4C86FD15C5}.Debug|x64.ActiveCfg = Debug|Any CPU
		{7C679F1D-0CC7-4ADF-BC2C-CA4C86FD15C5}.Debug|x64.Build.0 = Debug|Any CPU
		{7C679F1D-0CC7-4ADF-BC2C-CA4C86FD15C5}.Debug|x86.ActiveCfg = Debug|Any CPU
		{7C679F1D-0CC7-4ADF-BC2C-CA4C86FD15C5}.Debug|x86.Build.0 = Debug|Any CPU
		{7C679F1D-0CC7-4ADF-BC2C-CA4C86FD15C5}.Release|Any CPU.ActiveCfg = Release|Any CPU
		{7C679F1D-0CC7-4ADF-BC2C-CA4C86FD15C5}.Release|Any CPU.Build.0 = Release|Any CPU
		{7C679F1D-0CC7-4ADF-BC2C-CA4C86FD15C5}.Release|x64.ActiveCfg = Release|Any CPU
		{7C679F1D-0CC7-4ADF-BC2C-CA4C86FD15C5}.Release|x64.Build.0 = Release|Any CPU
		{7C679F1D-0CC7-4ADF-BC2C-CA4C86FD15C5}.Release|x86.ActiveCfg = Release|Any CPU
		{7C679F1D-0CC7-4ADF-BC2C-CA4C86FD15C5}.Release|x86.Build.0 = Release|Any CPU
		{42AF7499-5840-467D-80AE-5033CD4A5355}.Debug|Any CPU.ActiveCfg = Debug|Any CPU
		{42AF7499-5840-467D-80AE-5033CD4A5355}.Debug|Any CPU.Build.0 = Debug|Any CPU
		{42AF7499-5840-467D-80AE-5033CD4A5355}.Debug|x64.ActiveCfg = Debug|Any CPU
		{42AF7499-5840-467D-80AE-5033CD4A5355}.Debug|x64.Build.0 = Debug|Any CPU
		{42AF7499-5840-467D-80AE-5033CD4A5355}.Debug|x86.ActiveCfg = Debug|Any CPU
		{42AF7499-5840-467D-80AE-5033CD4A5355}.Debug|x86.Build.0 = Debug|Any CPU
		{42AF7499-5840-467D-80AE-5033CD4A5355}.Release|Any CPU.ActiveCfg = Release|Any CPU
		{42AF7499-5840-467D-80AE-5033CD4A5355}.Release|Any CPU.Build.0 = Release|Any CPU
		{42AF7499-5840-467D-80AE-5033CD4A5355}.Release|x64.ActiveCfg = Release|Any CPU
		{42AF7499-5840-467D-80AE-5033CD4A5355}.Release|x64.Build.0 = Release|Any CPU
		{42AF7499-5840-467D-80AE-5033CD4A5355}.Release|x86.ActiveCfg = Release|Any CPU
		{42AF7499-5840-467D-80AE-5033CD4A5355}.Release|x86.Build.0 = Release|Any CPU
		{AD69E718-95D8-41EB-A9ED-893C61C6652E}.Debug|Any CPU.ActiveCfg = Debug|Any CPU
		{AD69E718-95D8-41EB-A9ED-893C61C6652E}.Debug|Any CPU.Build.0 = Debug|Any CPU
		{AD69E718-95D8-41EB-A9ED-893C61C6652E}.Debug|x64.ActiveCfg = Debug|Any CPU
		{AD69E718-95D8-41EB-A9ED-893C61C6652E}.Debug|x64.Build.0 = Debug|Any CPU
		{AD69E718-95D8-41EB-A9ED-893C61C6652E}.Debug|x86.ActiveCfg = Debug|Any CPU
		{AD69E718-95D8-41EB-A9ED-893C61C6652E}.Debug|x86.Build.0 = Debug|Any CPU
		{AD69E718-95D8-41EB-A9ED-893C61C6652E}.Release|Any CPU.ActiveCfg = Release|Any CPU
		{AD69E718-95D8-41EB-A9ED-893C61C6652E}.Release|Any CPU.Build.0 = Release|Any CPU
		{AD69E718-95D8-41EB-A9ED-893C61C6652E}.Release|x64.ActiveCfg = Release|Any CPU
		{AD69E718-95D8-41EB-A9ED-893C61C6652E}.Release|x64.Build.0 = Release|Any CPU
		{AD69E718-95D8-41EB-A9ED-893C61C6652E}.Release|x86.ActiveCfg = Release|Any CPU
		{AD69E718-95D8-41EB-A9ED-893C61C6652E}.Release|x86.Build.0 = Release|Any CPU
		{87BB6802-AE77-4DB7-8F7A-C63893976AF1}.Debug|Any CPU.ActiveCfg = Debug|Any CPU
		{87BB6802-AE77-4DB7-8F7A-C63893976AF1}.Debug|Any CPU.Build.0 = Debug|Any CPU
		{87BB6802-AE77-4DB7-8F7A-C63893976AF1}.Debug|x64.ActiveCfg = Debug|Any CPU
		{87BB6802-AE77-4DB7-8F7A-C63893976AF1}.Debug|x64.Build.0 = Debug|Any CPU
		{87BB6802-AE77-4DB7-8F7A-C63893976AF1}.Debug|x86.ActiveCfg = Debug|Any CPU
		{87BB6802-AE77-4DB7-8F7A-C63893976AF1}.Debug|x86.Build.0 = Debug|Any CPU
		{87BB6802-AE77-4DB7-8F7A-C63893976AF1}.Release|Any CPU.ActiveCfg = Release|Any CPU
		{87BB6802-AE77-4DB7-8F7A-C63893976AF1}.Release|Any CPU.Build.0 = Release|Any CPU
		{87BB6802-AE77-4DB7-8F7A-C63893976AF1}.Release|x64.ActiveCfg = Release|Any CPU
		{87BB6802-AE77-4DB7-8F7A-C63893976AF1}.Release|x64.Build.0 = Release|Any CPU
		{87BB6802-AE77-4DB7-8F7A-C63893976AF1}.Release|x86.ActiveCfg = Release|Any CPU
		{87BB6802-AE77-4DB7-8F7A-C63893976AF1}.Release|x86.Build.0 = Release|Any CPU
		{270C6240-1804-4197-A888-2FDBE40753C1}.Debug|Any CPU.ActiveCfg = Debug|Any CPU
		{270C6240-1804-4197-A888-2FDBE40753C1}.Debug|Any CPU.Build.0 = Debug|Any CPU
		{270C6240-1804-4197-A888-2FDBE40753C1}.Debug|x64.ActiveCfg = Debug|Any CPU
		{270C6240-1804-4197-A888-2FDBE40753C1}.Debug|x64.Build.0 = Debug|Any CPU
		{270C6240-1804-4197-A888-2FDBE40753C1}.Debug|x86.ActiveCfg = Debug|Any CPU
		{270C6240-1804-4197-A888-2FDBE40753C1}.Debug|x86.Build.0 = Debug|Any CPU
		{270C6240-1804-4197-A888-2FDBE40753C1}.Release|Any CPU.ActiveCfg = Release|Any CPU
		{270C6240-1804-4197-A888-2FDBE40753C1}.Release|Any CPU.Build.0 = Release|Any CPU
		{270C6240-1804-4197-A888-2FDBE40753C1}.Release|x64.ActiveCfg = Release|Any CPU
		{270C6240-1804-4197-A888-2FDBE40753C1}.Release|x64.Build.0 = Release|Any CPU
		{270C6240-1804-4197-A888-2FDBE40753C1}.Release|x86.ActiveCfg = Release|Any CPU
		{270C6240-1804-4197-A888-2FDBE40753C1}.Release|x86.Build.0 = Release|Any CPU
		{6175DE82-4C49-4BD8-B15E-F8F131EE6F5F}.Debug|Any CPU.ActiveCfg = Debug|Any CPU
		{6175DE82-4C49-4BD8-B15E-F8F131EE6F5F}.Debug|Any CPU.Build.0 = Debug|Any CPU
		{6175DE82-4C49-4BD8-B15E-F8F131EE6F5F}.Debug|x64.ActiveCfg = Debug|Any CPU
		{6175DE82-4C49-4BD8-B15E-F8F131EE6F5F}.Debug|x64.Build.0 = Debug|Any CPU
		{6175DE82-4C49-4BD8-B15E-F8F131EE6F5F}.Debug|x86.ActiveCfg = Debug|Any CPU
		{6175DE82-4C49-4BD8-B15E-F8F131EE6F5F}.Debug|x86.Build.0 = Debug|Any CPU
		{6175DE82-4C49-4BD8-B15E-F8F131EE6F5F}.Release|Any CPU.ActiveCfg = Release|Any CPU
		{6175DE82-4C49-4BD8-B15E-F8F131EE6F5F}.Release|Any CPU.Build.0 = Release|Any CPU
		{6175DE82-4C49-4BD8-B15E-F8F131EE6F5F}.Release|x64.ActiveCfg = Release|Any CPU
		{6175DE82-4C49-4BD8-B15E-F8F131EE6F5F}.Release|x64.Build.0 = Release|Any CPU
		{6175DE82-4C49-4BD8-B15E-F8F131EE6F5F}.Release|x86.ActiveCfg = Release|Any CPU
		{6175DE82-4C49-4BD8-B15E-F8F131EE6F5F}.Release|x86.Build.0 = Release|Any CPU
		{4C3C1CC8-83BE-4280-AE1A-96506E1307CA}.Debug|Any CPU.ActiveCfg = Debug|Any CPU
		{4C3C1CC8-83BE-4280-AE1A-96506E1307CA}.Debug|Any CPU.Build.0 = Debug|Any CPU
		{4C3C1CC8-83BE-4280-AE1A-96506E1307CA}.Debug|x64.ActiveCfg = Debug|Any CPU
		{4C3C1CC8-83BE-4280-AE1A-96506E1307CA}.Debug|x64.Build.0 = Debug|Any CPU
		{4C3C1CC8-83BE-4280-AE1A-96506E1307CA}.Debug|x86.ActiveCfg = Debug|Any CPU
		{4C3C1CC8-83BE-4280-AE1A-96506E1307CA}.Debug|x86.Build.0 = Debug|Any CPU
		{4C3C1CC8-83BE-4280-AE1A-96506E1307CA}.Release|Any CPU.ActiveCfg = Release|Any CPU
		{4C3C1CC8-83BE-4280-AE1A-96506E1307CA}.Release|Any CPU.Build.0 = Release|Any CPU
		{4C3C1CC8-83BE-4280-AE1A-96506E1307CA}.Release|x64.ActiveCfg = Release|Any CPU
		{4C3C1CC8-83BE-4280-AE1A-96506E1307CA}.Release|x64.Build.0 = Release|Any CPU
		{4C3C1CC8-83BE-4280-AE1A-96506E1307CA}.Release|x86.ActiveCfg = Release|Any CPU
		{4C3C1CC8-83BE-4280-AE1A-96506E1307CA}.Release|x86.Build.0 = Release|Any CPU
		{1A4E681F-658F-4CFF-B054-B25A494F6C44}.Debug|Any CPU.ActiveCfg = Debug|Any CPU
		{1A4E681F-658F-4CFF-B054-B25A494F6C44}.Debug|Any CPU.Build.0 = Debug|Any CPU
		{1A4E681F-658F-4CFF-B054-B25A494F6C44}.Debug|x64.ActiveCfg = Debug|Any CPU
		{1A4E681F-658F-4CFF-B054-B25A494F6C44}.Debug|x64.Build.0 = Debug|Any CPU
		{1A4E681F-658F-4CFF-B054-B25A494F6C44}.Debug|x86.ActiveCfg = Debug|Any CPU
		{1A4E681F-658F-4CFF-B054-B25A494F6C44}.Debug|x86.Build.0 = Debug|Any CPU
		{1A4E681F-658F-4CFF-B054-B25A494F6C44}.Release|Any CPU.ActiveCfg = Release|Any CPU
		{1A4E681F-658F-4CFF-B054-B25A494F6C44}.Release|Any CPU.Build.0 = Release|Any CPU
		{1A4E681F-658F-4CFF-B054-B25A494F6C44}.Release|x64.ActiveCfg = Release|Any CPU
		{1A4E681F-658F-4CFF-B054-B25A494F6C44}.Release|x64.Build.0 = Release|Any CPU
		{1A4E681F-658F-4CFF-B054-B25A494F6C44}.Release|x86.ActiveCfg = Release|Any CPU
		{1A4E681F-658F-4CFF-B054-B25A494F6C44}.Release|x86.Build.0 = Release|Any CPU
		{78A1C3B6-9354-43D6-A9CC-41A44F23FE58}.Debug|Any CPU.ActiveCfg = Debug|Any CPU
		{78A1C3B6-9354-43D6-A9CC-41A44F23FE58}.Debug|Any CPU.Build.0 = Debug|Any CPU
		{78A1C3B6-9354-43D6-A9CC-41A44F23FE58}.Debug|x64.ActiveCfg = Debug|Any CPU
		{78A1C3B6-9354-43D6-A9CC-41A44F23FE58}.Debug|x64.Build.0 = Debug|Any CPU
		{78A1C3B6-9354-43D6-A9CC-41A44F23FE58}.Debug|x86.ActiveCfg = Debug|Any CPU
		{78A1C3B6-9354-43D6-A9CC-41A44F23FE58}.Debug|x86.Build.0 = Debug|Any CPU
		{78A1C3B6-9354-43D6-A9CC-41A44F23FE58}.Release|Any CPU.ActiveCfg = Release|Any CPU
		{78A1C3B6-9354-43D6-A9CC-41A44F23FE58}.Release|Any CPU.Build.0 = Release|Any CPU
		{78A1C3B6-9354-43D6-A9CC-41A44F23FE58}.Release|x64.ActiveCfg = Release|Any CPU
		{78A1C3B6-9354-43D6-A9CC-41A44F23FE58}.Release|x64.Build.0 = Release|Any CPU
		{78A1C3B6-9354-43D6-A9CC-41A44F23FE58}.Release|x86.ActiveCfg = Release|Any CPU
		{78A1C3B6-9354-43D6-A9CC-41A44F23FE58}.Release|x86.Build.0 = Release|Any CPU
		{08F1F2D9-400D-4D52-92AA-045B9A068FB9}.Debug|Any CPU.ActiveCfg = Debug|Any CPU
		{08F1F2D9-400D-4D52-92AA-045B9A068FB9}.Debug|Any CPU.Build.0 = Debug|Any CPU
		{08F1F2D9-400D-4D52-92AA-045B9A068FB9}.Debug|x64.ActiveCfg = Debug|Any CPU
		{08F1F2D9-400D-4D52-92AA-045B9A068FB9}.Debug|x64.Build.0 = Debug|Any CPU
		{08F1F2D9-400D-4D52-92AA-045B9A068FB9}.Debug|x86.ActiveCfg = Debug|Any CPU
		{08F1F2D9-400D-4D52-92AA-045B9A068FB9}.Debug|x86.Build.0 = Debug|Any CPU
		{08F1F2D9-400D-4D52-92AA-045B9A068FB9}.Release|Any CPU.ActiveCfg = Release|Any CPU
		{08F1F2D9-400D-4D52-92AA-045B9A068FB9}.Release|Any CPU.Build.0 = Release|Any CPU
		{08F1F2D9-400D-4D52-92AA-045B9A068FB9}.Release|x64.ActiveCfg = Release|Any CPU
		{08F1F2D9-400D-4D52-92AA-045B9A068FB9}.Release|x64.Build.0 = Release|Any CPU
		{08F1F2D9-400D-4D52-92AA-045B9A068FB9}.Release|x86.ActiveCfg = Release|Any CPU
		{08F1F2D9-400D-4D52-92AA-045B9A068FB9}.Release|x86.Build.0 = Release|Any CPU
		{994DDFE4-299B-4D90-B2BD-9B3263202B8E}.Debug|Any CPU.ActiveCfg = Debug|Any CPU
		{994DDFE4-299B-4D90-B2BD-9B3263202B8E}.Debug|Any CPU.Build.0 = Debug|Any CPU
		{994DDFE4-299B-4D90-B2BD-9B3263202B8E}.Debug|x64.ActiveCfg = Debug|Any CPU
		{994DDFE4-299B-4D90-B2BD-9B3263202B8E}.Debug|x64.Build.0 = Debug|Any CPU
		{994DDFE4-299B-4D90-B2BD-9B3263202B8E}.Debug|x86.ActiveCfg = Debug|Any CPU
		{994DDFE4-299B-4D90-B2BD-9B3263202B8E}.Debug|x86.Build.0 = Debug|Any CPU
		{994DDFE4-299B-4D90-B2BD-9B3263202B8E}.Release|Any CPU.ActiveCfg = Release|Any CPU
		{994DDFE4-299B-4D90-B2BD-9B3263202B8E}.Release|Any CPU.Build.0 = Release|Any CPU
		{994DDFE4-299B-4D90-B2BD-9B3263202B8E}.Release|x64.ActiveCfg = Release|Any CPU
		{994DDFE4-299B-4D90-B2BD-9B3263202B8E}.Release|x64.Build.0 = Release|Any CPU
		{994DDFE4-299B-4D90-B2BD-9B3263202B8E}.Release|x86.ActiveCfg = Release|Any CPU
		{994DDFE4-299B-4D90-B2BD-9B3263202B8E}.Release|x86.Build.0 = Release|Any CPU
		{BF298480-53F3-4089-A7B2-0574CF9AAD6E}.Debug|Any CPU.ActiveCfg = Debug|Any CPU
		{BF298480-53F3-4089-A7B2-0574CF9AAD6E}.Debug|Any CPU.Build.0 = Debug|Any CPU
		{BF298480-53F3-4089-A7B2-0574CF9AAD6E}.Debug|x64.ActiveCfg = Debug|Any CPU
		{BF298480-53F3-4089-A7B2-0574CF9AAD6E}.Debug|x64.Build.0 = Debug|Any CPU
		{BF298480-53F3-4089-A7B2-0574CF9AAD6E}.Debug|x86.ActiveCfg = Debug|Any CPU
		{BF298480-53F3-4089-A7B2-0574CF9AAD6E}.Debug|x86.Build.0 = Debug|Any CPU
		{BF298480-53F3-4089-A7B2-0574CF9AAD6E}.Release|Any CPU.ActiveCfg = Release|Any CPU
		{BF298480-53F3-4089-A7B2-0574CF9AAD6E}.Release|Any CPU.Build.0 = Release|Any CPU
		{BF298480-53F3-4089-A7B2-0574CF9AAD6E}.Release|x64.ActiveCfg = Release|Any CPU
		{BF298480-53F3-4089-A7B2-0574CF9AAD6E}.Release|x64.Build.0 = Release|Any CPU
		{BF298480-53F3-4089-A7B2-0574CF9AAD6E}.Release|x86.ActiveCfg = Release|Any CPU
		{BF298480-53F3-4089-A7B2-0574CF9AAD6E}.Release|x86.Build.0 = Release|Any CPU
		{15A7C283-0F23-4D04-AF9D-01E099D273E2}.Debug|Any CPU.ActiveCfg = Debug|Any CPU
		{15A7C283-0F23-4D04-AF9D-01E099D273E2}.Debug|Any CPU.Build.0 = Debug|Any CPU
		{15A7C283-0F23-4D04-AF9D-01E099D273E2}.Debug|x64.ActiveCfg = Debug|Any CPU
		{15A7C283-0F23-4D04-AF9D-01E099D273E2}.Debug|x64.Build.0 = Debug|Any CPU
		{15A7C283-0F23-4D04-AF9D-01E099D273E2}.Debug|x86.ActiveCfg = Debug|Any CPU
		{15A7C283-0F23-4D04-AF9D-01E099D273E2}.Debug|x86.Build.0 = Debug|Any CPU
		{15A7C283-0F23-4D04-AF9D-01E099D273E2}.Release|Any CPU.ActiveCfg = Release|Any CPU
		{15A7C283-0F23-4D04-AF9D-01E099D273E2}.Release|Any CPU.Build.0 = Release|Any CPU
		{15A7C283-0F23-4D04-AF9D-01E099D273E2}.Release|x64.ActiveCfg = Release|Any CPU
		{15A7C283-0F23-4D04-AF9D-01E099D273E2}.Release|x64.Build.0 = Release|Any CPU
		{15A7C283-0F23-4D04-AF9D-01E099D273E2}.Release|x86.ActiveCfg = Release|Any CPU
		{15A7C283-0F23-4D04-AF9D-01E099D273E2}.Release|x86.Build.0 = Release|Any CPU
		{F780A333-5102-4B36-861F-427F8E275F90}.Debug|Any CPU.ActiveCfg = Debug|Any CPU
		{F780A333-5102-4B36-861F-427F8E275F90}.Debug|Any CPU.Build.0 = Debug|Any CPU
		{F780A333-5102-4B36-861F-427F8E275F90}.Debug|x64.ActiveCfg = Debug|Any CPU
		{F780A333-5102-4B36-861F-427F8E275F90}.Debug|x64.Build.0 = Debug|Any CPU
		{F780A333-5102-4B36-861F-427F8E275F90}.Debug|x86.ActiveCfg = Debug|Any CPU
		{F780A333-5102-4B36-861F-427F8E275F90}.Debug|x86.Build.0 = Debug|Any CPU
		{F780A333-5102-4B36-861F-427F8E275F90}.Release|Any CPU.ActiveCfg = Release|Any CPU
		{F780A333-5102-4B36-861F-427F8E275F90}.Release|Any CPU.Build.0 = Release|Any CPU
		{F780A333-5102-4B36-861F-427F8E275F90}.Release|x64.ActiveCfg = Release|Any CPU
		{F780A333-5102-4B36-861F-427F8E275F90}.Release|x64.Build.0 = Release|Any CPU
		{F780A333-5102-4B36-861F-427F8E275F90}.Release|x86.ActiveCfg = Release|Any CPU
		{F780A333-5102-4B36-861F-427F8E275F90}.Release|x86.Build.0 = Release|Any CPU
		{D2BE635F-B726-4AC7-8143-B9D1802A1236}.Debug|Any CPU.ActiveCfg = Debug|Any CPU
		{D2BE635F-B726-4AC7-8143-B9D1802A1236}.Debug|Any CPU.Build.0 = Debug|Any CPU
		{D2BE635F-B726-4AC7-8143-B9D1802A1236}.Debug|x64.ActiveCfg = Debug|Any CPU
		{D2BE635F-B726-4AC7-8143-B9D1802A1236}.Debug|x64.Build.0 = Debug|Any CPU
		{D2BE635F-B726-4AC7-8143-B9D1802A1236}.Debug|x86.ActiveCfg = Debug|Any CPU
		{D2BE635F-B726-4AC7-8143-B9D1802A1236}.Debug|x86.Build.0 = Debug|Any CPU
		{D2BE635F-B726-4AC7-8143-B9D1802A1236}.Release|Any CPU.ActiveCfg = Release|Any CPU
		{D2BE635F-B726-4AC7-8143-B9D1802A1236}.Release|Any CPU.Build.0 = Release|Any CPU
		{D2BE635F-B726-4AC7-8143-B9D1802A1236}.Release|x64.ActiveCfg = Release|Any CPU
		{D2BE635F-B726-4AC7-8143-B9D1802A1236}.Release|x64.Build.0 = Release|Any CPU
		{D2BE635F-B726-4AC7-8143-B9D1802A1236}.Release|x86.ActiveCfg = Release|Any CPU
		{D2BE635F-B726-4AC7-8143-B9D1802A1236}.Release|x86.Build.0 = Release|Any CPU
		{437D3EF2-FEE1-44A7-BDBA-30706B47DABC}.Debug|Any CPU.ActiveCfg = Debug|Any CPU
		{437D3EF2-FEE1-44A7-BDBA-30706B47DABC}.Debug|Any CPU.Build.0 = Debug|Any CPU
		{437D3EF2-FEE1-44A7-BDBA-30706B47DABC}.Debug|x64.ActiveCfg = Debug|Any CPU
		{437D3EF2-FEE1-44A7-BDBA-30706B47DABC}.Debug|x64.Build.0 = Debug|Any CPU
		{437D3EF2-FEE1-44A7-BDBA-30706B47DABC}.Debug|x86.ActiveCfg = Debug|Any CPU
		{437D3EF2-FEE1-44A7-BDBA-30706B47DABC}.Debug|x86.Build.0 = Debug|Any CPU
		{437D3EF2-FEE1-44A7-BDBA-30706B47DABC}.Release|Any CPU.ActiveCfg = Release|Any CPU
		{437D3EF2-FEE1-44A7-BDBA-30706B47DABC}.Release|Any CPU.Build.0 = Release|Any CPU
		{437D3EF2-FEE1-44A7-BDBA-30706B47DABC}.Release|x64.ActiveCfg = Release|Any CPU
		{437D3EF2-FEE1-44A7-BDBA-30706B47DABC}.Release|x64.Build.0 = Release|Any CPU
		{437D3EF2-FEE1-44A7-BDBA-30706B47DABC}.Release|x86.ActiveCfg = Release|Any CPU
		{437D3EF2-FEE1-44A7-BDBA-30706B47DABC}.Release|x86.Build.0 = Release|Any CPU
	EndGlobalSection
	GlobalSection(SolutionProperties) = preSolution
		HideSolutionNode = FALSE
	EndGlobalSection
	GlobalSection(NestedProjects) = preSolution
		{BC2D172B-13BC-136C-CDB1-4B1A687208C4} = {1787FE1D-075E-9E68-7218-25F1BD1BBEAB}
		{5297E159-35AB-900F-0FBF-1931F1997C37} = {BC2D172B-13BC-136C-CDB1-4B1A687208C4}
		{565ABA7F-F3F4-6461-B064-48AA44E6E5D8} = {5297E159-35AB-900F-0FBF-1931F1997C37}
		{8C8B952A-FEBA-4E6E-AF8F-040B7C6A4814} = {565ABA7F-F3F4-6461-B064-48AA44E6E5D8}
		{6B3948AF-5290-C1F7-8855-EB5C03E54B56} = {5297E159-35AB-900F-0FBF-1931F1997C37}
		{C497E565-4E18-4114-AB83-94943232953F} = {6B3948AF-5290-C1F7-8855-EB5C03E54B56}
		{605FF407-FE64-CA90-16ED-E2744C7D724C} = {5297E159-35AB-900F-0FBF-1931F1997C37}
		{5C727C6A-8013-43CE-8A63-E579FA5C4496} = {605FF407-FE64-CA90-16ED-E2744C7D724C}
		{8D49722D-52F2-A811-B969-AE8FF8AC220D} = {5297E159-35AB-900F-0FBF-1931F1997C37}
		{7BDE0BA4-7634-4EF7-B52E-46B654060AEB} = {8D49722D-52F2-A811-B969-AE8FF8AC220D}
		{730ACC67-22B6-92B8-A19B-F052BF6863FF} = {5297E159-35AB-900F-0FBF-1931F1997C37}
		{09757F90-A8CC-4149-988A-5AE80E9875FE} = {730ACC67-22B6-92B8-A19B-F052BF6863FF}
		{B3DE32C0-5EF4-AAA5-8E34-B10CEC5C6F2A} = {CA253913-39DE-BFD0-C9A3-4B7EC6FBDF17}
		{63715687-2DD3-6335-9AFF-A19787386329} = {B3DE32C0-5EF4-AAA5-8E34-B10CEC5C6F2A}
		{E48FBD21-ACDC-4477-91ED-ADABCFDF893F} = {63715687-2DD3-6335-9AFF-A19787386329}
		{858C69E3-D23F-514B-EBEF-81CDB591EF58} = {BC2D172B-13BC-136C-CDB1-4B1A687208C4}
		{84DC3A94-EBE4-66DA-430A-7F25C2DCFE03} = {858C69E3-D23F-514B-EBEF-81CDB591EF58}
		{95D24BA6-E45E-4F67-B4DC-2D2C697908D1} = {84DC3A94-EBE4-66DA-430A-7F25C2DCFE03}
		{2E4B79E5-4CE4-B37D-B132-E8FEB03FCDCE} = {858C69E3-D23F-514B-EBEF-81CDB591EF58}
		{0685A74A-AECD-4F21-9C4A-F404AD33FBA6} = {2E4B79E5-4CE4-B37D-B132-E8FEB03FCDCE}
		{CEAC0979-DAB2-0E19-81EF-22AE32770578} = {CA253913-39DE-BFD0-C9A3-4B7EC6FBDF17}
		{E0B813D6-B661-81BA-CFC8-0BC500B7188A} = {CEAC0979-DAB2-0E19-81EF-22AE32770578}
		{D2F22805-A47E-4EF9-B3F0-50B2179977E6} = {E0B813D6-B661-81BA-CFC8-0BC500B7188A}
		{FFFCC667-D480-83E6-F5F5-149737B7E962} = {CEAC0979-DAB2-0E19-81EF-22AE32770578}
		{41630705-D016-41E7-95AC-6ECABD79493B} = {FFFCC667-D480-83E6-F5F5-149737B7E962}
		{6ADF11AB-DF54-71D3-E1EB-28B5DE8801C0} = {CA253913-39DE-BFD0-C9A3-4B7EC6FBDF17}
		{DE61B727-88CD-62E1-A5D3-1E04E8980174} = {6ADF11AB-DF54-71D3-E1EB-28B5DE8801C0}
		{D5C09095-103B-47AA-BAA5-D11E0C6365B2} = {DE61B727-88CD-62E1-A5D3-1E04E8980174}
		{6E738700-F19F-83EF-9B5F-3C8900D73B86} = {CA253913-39DE-BFD0-C9A3-4B7EC6FBDF17}
		{C871A2C4-719E-B015-8255-F96B22FACF6D} = {6E738700-F19F-83EF-9B5F-3C8900D73B86}
		{7C679F1D-0CC7-4ADF-BC2C-CA4C86FD15C5} = {C871A2C4-719E-B015-8255-F96B22FACF6D}
		{4530E714-70CB-5450-9BAD-13216F9E520A} = {CA253913-39DE-BFD0-C9A3-4B7EC6FBDF17}
		{79AC85CD-9E9F-7726-44C2-C957FFB57CE6} = {4530E714-70CB-5450-9BAD-13216F9E520A}
		{42AF7499-5840-467D-80AE-5033CD4A5355} = {79AC85CD-9E9F-7726-44C2-C957FFB57CE6}
		{BC5CFCA1-E3BB-C72A-6DEF-A680C890E6B6} = {CA253913-39DE-BFD0-C9A3-4B7EC6FBDF17}
		{F1C4A6CD-65DE-8DCE-6159-BD7AE0BB67CD} = {BC5CFCA1-E3BB-C72A-6DEF-A680C890E6B6}
		{AD69E718-95D8-41EB-A9ED-893C61C6652E} = {F1C4A6CD-65DE-8DCE-6159-BD7AE0BB67CD}
		{C54764F2-D317-C05E-3708-3AAC04AAC75B} = {CA253913-39DE-BFD0-C9A3-4B7EC6FBDF17}
		{FA0E3413-58FB-FBF5-A181-290478E1DC27} = {C54764F2-D317-C05E-3708-3AAC04AAC75B}
		{87BB6802-AE77-4DB7-8F7A-C63893976AF1} = {FA0E3413-58FB-FBF5-A181-290478E1DC27}
		{9D2ABF85-247E-F9CA-AE28-F7D77C8FB788} = {CA253913-39DE-BFD0-C9A3-4B7EC6FBDF17}
		{BA528704-FD77-EB19-8074-4F0910F4FF30} = {9D2ABF85-247E-F9CA-AE28-F7D77C8FB788}
		{270C6240-1804-4197-A888-2FDBE40753C1} = {BA528704-FD77-EB19-8074-4F0910F4FF30}
		{E4F07A3A-0D15-4D3A-4C13-E2BD6EBFF108} = {CA253913-39DE-BFD0-C9A3-4B7EC6FBDF17}
		{BEC7F4CA-9E22-8D68-C45D-1CE5C6BF89B6} = {E4F07A3A-0D15-4D3A-4C13-E2BD6EBFF108}
		{6175DE82-4C49-4BD8-B15E-F8F131EE6F5F} = {BEC7F4CA-9E22-8D68-C45D-1CE5C6BF89B6}
		{EFA7897B-F48F-971C-9295-AB618925647C} = {E4F07A3A-0D15-4D3A-4C13-E2BD6EBFF108}
		{4C3C1CC8-83BE-4280-AE1A-96506E1307CA} = {EFA7897B-F48F-971C-9295-AB618925647C}
		{0C6A289E-2588-6FCC-F1B3-177D91E633A1} = {CA253913-39DE-BFD0-C9A3-4B7EC6FBDF17}
		{EB848961-3130-70FD-840E-75C6768D0507} = {0C6A289E-2588-6FCC-F1B3-177D91E633A1}
		{1A4E681F-658F-4CFF-B054-B25A494F6C44} = {EB848961-3130-70FD-840E-75C6768D0507}
		{F7BC6408-CA87-0DAE-EDEA-B2690D292BC5} = {CA253913-39DE-BFD0-C9A3-4B7EC6FBDF17}
		{0EB1BB48-B01C-D763-2CAE-118CDF20A534} = {F7BC6408-CA87-0DAE-EDEA-B2690D292BC5}
		{78A1C3B6-9354-43D6-A9CC-41A44F23FE58} = {0EB1BB48-B01C-D763-2CAE-118CDF20A534}
		{4502CDD3-94B8-4CD1-54ED-E27DF0C66E6B} = {CA253913-39DE-BFD0-C9A3-4B7EC6FBDF17}
		{078D17CF-6AD6-EC62-8656-A71AEE006313} = {4502CDD3-94B8-4CD1-54ED-E27DF0C66E6B}
		{08F1F2D9-400D-4D52-92AA-045B9A068FB9} = {078D17CF-6AD6-EC62-8656-A71AEE006313}
		{21B4280E-A41A-7373-6EC7-6A44B46B6A41} = {CA253913-39DE-BFD0-C9A3-4B7EC6FBDF17}
		{40264636-326C-129F-B272-5F364DC6238C} = {21B4280E-A41A-7373-6EC7-6A44B46B6A41}
		{994DDFE4-299B-4D90-B2BD-9B3263202B8E} = {40264636-326C-129F-B272-5F364DC6238C}
		{36398BA8-9C86-63DB-C24B-3C6A96999504} = {21B4280E-A41A-7373-6EC7-6A44B46B6A41}
		{BF298480-53F3-4089-A7B2-0574CF9AAD6E} = {36398BA8-9C86-63DB-C24B-3C6A96999504}
		{529E9C77-7AFC-7503-6FCF-D7EE42FD5C8B} = {CA253913-39DE-BFD0-C9A3-4B7EC6FBDF17}
		{15A7C283-0F23-4D04-AF9D-01E099D273E2} = {529E9C77-7AFC-7503-6FCF-D7EE42FD5C8B}
		{F780A333-5102-4B36-861F-427F8E275F90} = {529E9C77-7AFC-7503-6FCF-D7EE42FD5C8B}
		{D882A6C3-3067-F0DA-7E7A-E12186DF3033} = {CA253913-39DE-BFD0-C9A3-4B7EC6FBDF17}
		{D2BE635F-B726-4AC7-8143-B9D1802A1236} = {D882A6C3-3067-F0DA-7E7A-E12186DF3033}
		{437D3EF2-FEE1-44A7-BDBA-30706B47DABC} = {D882A6C3-3067-F0DA-7E7A-E12186DF3033}
	EndGlobalSection
EndGlobal
